
Microsoft Visual Studio Solution File, Format Version 12.00
# Visual Studio Version 16
VisualStudioVersion = 16.0.30711.63
MinimumVisualStudioVersion = 10.0.40219.1
Project("{FAE04EC0-301F-11D3-BF4B-00C04F79EFBC}") = "MarkBalisi.PlayingYouTubeVideoFromWPF", "MarkBalisi.PlayingYouTubeVideoFromWPF\MarkBalisi.PlayingYouTubeVideoFromWPF.csproj", "{13254ABC-CFA4-4454-AB15-8C175A93476C}"
EndProject
Global
	GlobalSection(SolutionConfigurationPlatforms) = preSolution
		Debug|Any CPU = Debug|Any CPU
		Release|Any CPU = Release|Any CPU
	EndGlobalSection
	GlobalSection(ProjectConfigurationPlatforms) = postSolution
		{13254ABC-CFA4-4454-AB15-8C175A93476C}.Debug|Any CPU.ActiveCfg = Debug|Any CPU
		{13254ABC-CFA4-4454-AB15-8C175A93476C}.Debug|Any CPU.Build.0 = Debug|Any CPU
		{13254ABC-CFA4-4454-AB15-8C175A93476C}.Release|Any CPU.ActiveCfg = Release|Any CPU
		{13254ABC-CFA4-4454-AB15-8C175A93476C}.Release|Any CPU.Build.0 = Release|Any CPU
	EndGlobalSection
	GlobalSection(SolutionProperties) = preSolution
		HideSolutionNode = FALSE
	EndGlobalSection
	GlobalSection(ExtensibilityGlobals) = postSolution
		SolutionGuid = {E94F2FE3-C7D6-4A43-ACDE-B0AE461CD467}
	EndGlobalSection
EndGlobal
